
Microsoft Visual Studio Solution File, Format Version 12.00
# Visual Studio Version 16
VisualStudioVersion = 16.0.30523.141
MinimumVisualStudioVersion = 10.0.40219.1
Project("{FAE04EC0-301F-11D3-BF4B-00C04F79EFBC}") = "FractalsDrawer", "FractalsDrawer.csproj", "{7572EA89-A8EF-4405-87FE-583FEC5F7848}"
EndProject
Global
	GlobalSection(SolutionConfigurationPlatforms) = preSolution
		Debug|Any CPU = Debug|Any CPU
		Release|Any CPU = Release|Any CPU
	EndGlobalSection
	GlobalSection(ProjectConfigurationPlatforms) = postSolution
		{7572EA89-A8EF-4405-87FE-583FEC5F7848}.Debug|Any CPU.ActiveCfg = Debug|Any CPU
		{7572EA89-A8EF-4405-87FE-583FEC5F7848}.Debug|Any CPU.Build.0 = Debug|Any CPU
		{7572EA89-A8EF-4405-87FE-583FEC5F7848}.Release|Any CPU.ActiveCfg = Release|Any CPU
		{7572EA89-A8EF-4405-87FE-583FEC5F7848}.Release|Any CPU.Build.0 = Release|Any CPU
	EndGlobalSection
	GlobalSection(SolutionProperties) = preSolution
		HideSolutionNode = FALSE
	EndGlobalSection
	GlobalSection(ExtensibilityGlobals) = postSolution
		SolutionGuid = {B76086A6-5D88-4474-8AC8-FCF6717CF84E}
	EndGlobalSection
EndGlobal
